// !$*UTF8*$!
{
	archiveVersion = 1;
	classes = {
	};
	objectVersion = 50;
	objects = {

/* Begin PBXBuildFile section */
		26F38691209698FE001DA737 /* AppDelegate.swift in Sources */ = {isa = PBXBuildFile; fileRef = 26F38690209698FE001DA737 /* AppDelegate.swift */; };
		26F38696209698FE001DA737 /* Main.storyboard in Resources */ = {isa = PBXBuildFile; fileRef = 26F38694209698FE001DA737 /* Main.storyboard */; };
		26F38699209698FE001DA737 /* ToDo.xcdatamodeld in Sources */ = {isa = PBXBuildFile; fileRef = 26F38697209698FE001DA737 /* ToDo.xcdatamodeld */; };
		26F3869B20969904001DA737 /* Assets.xcassets in Resources */ = {isa = PBXBuildFile; fileRef = 26F3869A20969904001DA737 /* Assets.xcassets */; };
		26F3869E20969904001DA737 /* LaunchScreen.storyboard in Resources */ = {isa = PBXBuildFile; fileRef = 26F3869C20969904001DA737 /* LaunchScreen.storyboard */; };
		26F386B420969904001DA737 /* ToDoUITests.swift in Sources */ = {isa = PBXBuildFile; fileRef = 26F386B320969904001DA737 /* ToDoUITests.swift */; };
		26F386C2209699D9001DA737 /* ToDoItemTests.swift in Sources */ = {isa = PBXBuildFile; fileRef = 26F386C1209699D9001DA737 /* ToDoItemTests.swift */; };
		26F386C420969B28001DA737 /* ToDoItem.swift in Sources */ = {isa = PBXBuildFile; fileRef = 26F386C320969B28001DA737 /* ToDoItem.swift */; };
		26F386C62096A7B9001DA737 /* Location.swift in Sources */ = {isa = PBXBuildFile; fileRef = 26F386C52096A7B9001DA737 /* Location.swift */; };
		26F386C82096A9EB001DA737 /* LocationTests.swift in Sources */ = {isa = PBXBuildFile; fileRef = 26F386C72096A9EB001DA737 /* LocationTests.swift */; };
		E922CACE20AE116D00B97737 /* ItemListViewControllerTest.swift in Sources */ = {isa = PBXBuildFile; fileRef = E922CACD20AE116D00B97737 /* ItemListViewControllerTest.swift */; };
		E922CAD020AE11F500B97737 /* ItemListViewController.swift in Sources */ = {isa = PBXBuildFile; fileRef = E922CACF20AE11F500B97737 /* ItemListViewController.swift */; };
		E930143720AE4C5600BD12A9 /* ItemListDataProvider.swift in Sources */ = {isa = PBXBuildFile; fileRef = E930143620AE4C5600BD12A9 /* ItemListDataProvider.swift */; };
		E95E78E420B34AC300A00077 /* LocationProtocolExtension.swift in Sources */ = {isa = PBXBuildFile; fileRef = E95E78E320B34AC300A00077 /* LocationProtocolExtension.swift */; };
		E95E78E620B34B5F00A00077 /* ToDoItemProtocolExtension.swift in Sources */ = {isa = PBXBuildFile; fileRef = E95E78E520B34B5F00A00077 /* ToDoItemProtocolExtension.swift */; };
		E9778C6220A92D92002713A6 /* ItemManagerTests.swift in Sources */ = {isa = PBXBuildFile; fileRef = E9778C6120A92D92002713A6 /* ItemManagerTests.swift */; };
		E9778CD520ACCCFD002713A6 /* ItemManager.swift in Sources */ = {isa = PBXBuildFile; fileRef = E9778CD420ACCCFD002713A6 /* ItemManager.swift */; };
/* End PBXBuildFile section */

/* Begin PBXContainerItemProxy section */
		26F386A520969904001DA737 /* PBXContainerItemProxy */ = {
			isa = PBXContainerItemProxy;
			containerPortal = 26F38685209698FE001DA737 /* Project object */;
			proxyType = 1;
			remoteGlobalIDString = 26F3868C209698FE001DA737;
			remoteInfo = ToDo;
		};
		26F386B020969904001DA737 /* PBXContainerItemProxy */ = {
			isa = PBXContainerItemProxy;
			containerPortal = 26F38685209698FE001DA737 /* Project object */;
			proxyType = 1;
			remoteGlobalIDString = 26F3868C209698FE001DA737;
			remoteInfo = ToDo;
		};
/* End PBXContainerItemProxy section */

/* Begin PBXFileReference section */
		26F3868D209698FE001DA737 /* ToDo.app */ = {isa = PBXFileReference; explicitFileType = wrapper.application; includeInIndex = 0; path = ToDo.app; sourceTree = BUILT_PRODUCTS_DIR; };
		26F38690209698FE001DA737 /* AppDelegate.swift */ = {isa = PBXFileReference; lastKnownFileType = sourcecode.swift; path = AppDelegate.swift; sourceTree = "<group>"; };
		26F38695209698FE001DA737 /* Base */ = {isa = PBXFileReference; lastKnownFileType = file.storyboard; name = Base; path = Base.lproj/Main.storyboard; sourceTree = "<group>"; };
		26F38698209698FE001DA737 /* ToDo.xcdatamodel */ = {isa = PBXFileReference; lastKnownFileType = wrapper.xcdatamodel; path = ToDo.xcdatamodel; sourceTree = "<group>"; };
		26F3869A20969904001DA737 /* Assets.xcassets */ = {isa = PBXFileReference; lastKnownFileType = folder.assetcatalog; path = Assets.xcassets; sourceTree = "<group>"; };
		26F3869D20969904001DA737 /* Base */ = {isa = PBXFileReference; lastKnownFileType = file.storyboard; name = Base; path = Base.lproj/LaunchScreen.storyboard; sourceTree = "<group>"; };
		26F3869F20969904001DA737 /* Info.plist */ = {isa = PBXFileReference; lastKnownFileType = text.plist.xml; path = Info.plist; sourceTree = "<group>"; };
		26F386A420969904001DA737 /* ToDoTests.xctest */ = {isa = PBXFileReference; explicitFileType = wrapper.cfbundle; includeInIndex = 0; path = ToDoTests.xctest; sourceTree = BUILT_PRODUCTS_DIR; };
		26F386AA20969904001DA737 /* Info.plist */ = {isa = PBXFileReference; lastKnownFileType = text.plist.xml; path = Info.plist; sourceTree = "<group>"; };
		26F386AF20969904001DA737 /* ToDoUITests.xctest */ = {isa = PBXFileReference; explicitFileType = wrapper.cfbundle; includeInIndex = 0; path = ToDoUITests.xctest; sourceTree = BUILT_PRODUCTS_DIR; };
		26F386B320969904001DA737 /* ToDoUITests.swift */ = {isa = PBXFileReference; lastKnownFileType = sourcecode.swift; path = ToDoUITests.swift; sourceTree = "<group>"; };
		26F386B520969904001DA737 /* Info.plist */ = {isa = PBXFileReference; lastKnownFileType = text.plist.xml; path = Info.plist; sourceTree = "<group>"; };
		26F386C1209699D9001DA737 /* ToDoItemTests.swift */ = {isa = PBXFileReference; lastKnownFileType = sourcecode.swift; path = ToDoItemTests.swift; sourceTree = "<group>"; };
		26F386C320969B28001DA737 /* ToDoItem.swift */ = {isa = PBXFileReference; lastKnownFileType = sourcecode.swift; path = ToDoItem.swift; sourceTree = "<group>"; };
		26F386C52096A7B9001DA737 /* Location.swift */ = {isa = PBXFileReference; lastKnownFileType = sourcecode.swift; path = Location.swift; sourceTree = "<group>"; };
		26F386C72096A9EB001DA737 /* LocationTests.swift */ = {isa = PBXFileReference; lastKnownFileType = sourcecode.swift; path = LocationTests.swift; sourceTree = "<group>"; };
		E922CACD20AE116D00B97737 /* ItemListViewControllerTest.swift */ = {isa = PBXFileReference; lastKnownFileType = sourcecode.swift; path = ItemListViewControllerTest.swift; sourceTree = "<group>"; };
		E922CACF20AE11F500B97737 /* ItemListViewController.swift */ = {isa = PBXFileReference; lastKnownFileType = sourcecode.swift; path = ItemListViewController.swift; sourceTree = "<group>"; };
		E930143620AE4C5600BD12A9 /* ItemListDataProvider.swift */ = {isa = PBXFileReference; lastKnownFileType = sourcecode.swift; path = ItemListDataProvider.swift; sourceTree = "<group>"; };
		E95E78E320B34AC300A00077 /* LocationProtocolExtension.swift */ = {isa = PBXFileReference; lastKnownFileType = sourcecode.swift; path = LocationProtocolExtension.swift; sourceTree = "<group>"; };
		E95E78E520B34B5F00A00077 /* ToDoItemProtocolExtension.swift */ = {isa = PBXFileReference; lastKnownFileType = sourcecode.swift; path = ToDoItemProtocolExtension.swift; sourceTree = "<group>"; };
		E9778C6120A92D92002713A6 /* ItemManagerTests.swift */ = {isa = PBXFileReference; lastKnownFileType = sourcecode.swift; path = ItemManagerTests.swift; sourceTree = "<group>"; };
		E9778CD420ACCCFD002713A6 /* ItemManager.swift */ = {isa = PBXFileReference; lastKnownFileType = sourcecode.swift; path = ItemManager.swift; sourceTree = "<group>"; };
/* End PBXFileReference section */

/* Begin PBXFrameworksBuildPhase section */
		26F3868A209698FE001DA737 /* Frameworks */ = {
			isa = PBXFrameworksBuildPhase;
			buildActionMask = 2147483647;
			files = (
			);
			runOnlyForDeploymentPostprocessing = 0;
		};
		26F386A120969904001DA737 /* Frameworks */ = {
			isa = PBXFrameworksBuildPhase;
			buildActionMask = 2147483647;
			files = (
			);
			runOnlyForDeploymentPostprocessing = 0;
		};
		26F386AC20969904001DA737 /* Frameworks */ = {
			isa = PBXFrameworksBuildPhase;
			buildActionMask = 2147483647;
			files = (
			);
			runOnlyForDeploymentPostprocessing = 0;
		};
/* End PBXFrameworksBuildPhase section */

/* Begin PBXGroup section */
		26F38684209698FD001DA737 = {
			isa = PBXGroup;
			children = (
				26F3868F209698FE001DA737 /* ToDo */,
				26F386A720969904001DA737 /* ToDoTests */,
				26F386B220969904001DA737 /* ToDoUITests */,
				26F3868E209698FE001DA737 /* Products */,
			);
			sourceTree = "<group>";
		};
		26F3868E209698FE001DA737 /* Products */ = {
			isa = PBXGroup;
			children = (
				26F3868D209698FE001DA737 /* ToDo.app */,
				26F386A420969904001DA737 /* ToDoTests.xctest */,
				26F386AF20969904001DA737 /* ToDoUITests.xctest */,
			);
			name = Products;
			sourceTree = "<group>";
		};
		26F3868F209698FE001DA737 /* ToDo */ = {
			isa = PBXGroup;
			children = (
				26F3869F20969904001DA737 /* Info.plist */,
				E9778CCE20ACC38F002713A6 /* Model */,
				E9778CD120ACC3EF002713A6 /* View */,
				E9778CCF20ACC3B6002713A6 /* Controllers */,
			);
			path = ToDo;
			sourceTree = "<group>";
		};
		26F386A720969904001DA737 /* ToDoTests */ = {
			isa = PBXGroup;
			children = (
				26F386AA20969904001DA737 /* Info.plist */,
				E9778CD220ACC422002713A6 /* Model Tests */,
				E9778CD320ACC42D002713A6 /* Controller Tests */,
			);
			path = ToDoTests;
			sourceTree = "<group>";
		};
		26F386B220969904001DA737 /* ToDoUITests */ = {
			isa = PBXGroup;
			children = (
				26F386B320969904001DA737 /* ToDoUITests.swift */,
				26F386B520969904001DA737 /* Info.plist */,
			);
			path = ToDoUITests;
			sourceTree = "<group>";
		};
		E9778CCE20ACC38F002713A6 /* Model */ = {
			isa = PBXGroup;
			children = (
				26F38697209698FE001DA737 /* ToDo.xcdatamodeld */,
				26F386C320969B28001DA737 /* ToDoItem.swift */,
				E95E78E520B34B5F00A00077 /* ToDoItemProtocolExtension.swift */,
				26F386C52096A7B9001DA737 /* Location.swift */,
				E95E78E320B34AC300A00077 /* LocationProtocolExtension.swift */,
				E9778CD420ACCCFD002713A6 /* ItemManager.swift */,
			);
			name = Model;
			path = "New Group";
			sourceTree = "<group>";
		};
		E9778CCF20ACC3B6002713A6 /* Controllers */ = {
			isa = PBXGroup;
			children = (
				26F38690209698FE001DA737 /* AppDelegate.swift */,
				E922CACF20AE11F500B97737 /* ItemListViewController.swift */,
				E930143620AE4C5600BD12A9 /* ItemListDataProvider.swift */,
			);
			path = Controllers;
			sourceTree = "<group>";
		};
		E9778CD120ACC3EF002713A6 /* View */ = {
			isa = PBXGroup;
			children = (
				26F3869A20969904001DA737 /* Assets.xcassets */,
				26F38694209698FE001DA737 /* Main.storyboard */,
				26F3869C20969904001DA737 /* LaunchScreen.storyboard */,
			);
			path = View;
			sourceTree = "<group>";
		};
		E9778CD220ACC422002713A6 /* Model Tests */ = {
			isa = PBXGroup;
			children = (
				26F386C1209699D9001DA737 /* ToDoItemTests.swift */,
				26F386C72096A9EB001DA737 /* LocationTests.swift */,
				E9778C6120A92D92002713A6 /* ItemManagerTests.swift */,
			);
			path = "Model Tests";
			sourceTree = "<group>";
		};
		E9778CD320ACC42D002713A6 /* Controller Tests */ = {
			isa = PBXGroup;
			children = (
				E922CACD20AE116D00B97737 /* ItemListViewControllerTest.swift */,
			);
			path = "Controller Tests";
			sourceTree = "<group>";
		};
/* End PBXGroup section */

/* Begin PBXNativeTarget section */
		26F3868C209698FE001DA737 /* ToDo */ = {
			isa = PBXNativeTarget;
			buildConfigurationList = 26F386B820969904001DA737 /* Build configuration list for PBXNativeTarget "ToDo" */;
			buildPhases = (
				26F38689209698FE001DA737 /* Sources */,
				26F3868A209698FE001DA737 /* Frameworks */,
				26F3868B209698FE001DA737 /* Resources */,
			);
			buildRules = (
			);
			dependencies = (
			);
			name = ToDo;
			productName = ToDo;
			productReference = 26F3868D209698FE001DA737 /* ToDo.app */;
			productType = "com.apple.product-type.application";
		};
		26F386A320969904001DA737 /* ToDoTests */ = {
			isa = PBXNativeTarget;
			buildConfigurationList = 26F386BB20969904001DA737 /* Build configuration list for PBXNativeTarget "ToDoTests" */;
			buildPhases = (
				26F386A020969904001DA737 /* Sources */,
				26F386A120969904001DA737 /* Frameworks */,
				26F386A220969904001DA737 /* Resources */,
			);
			buildRules = (
			);
			dependencies = (
				26F386A620969904001DA737 /* PBXTargetDependency */,
			);
			name = ToDoTests;
			productName = ToDoTests;
			productReference = 26F386A420969904001DA737 /* ToDoTests.xctest */;
			productType = "com.apple.product-type.bundle.unit-test";
		};
		26F386AE20969904001DA737 /* ToDoUITests */ = {
			isa = PBXNativeTarget;
			buildConfigurationList = 26F386BE20969904001DA737 /* Build configuration list for PBXNativeTarget "ToDoUITests" */;
			buildPhases = (
				26F386AB20969904001DA737 /* Sources */,
				26F386AC20969904001DA737 /* Frameworks */,
				26F386AD20969904001DA737 /* Resources */,
			);
			buildRules = (
			);
			dependencies = (
				26F386B120969904001DA737 /* PBXTargetDependency */,
			);
			name = ToDoUITests;
			productName = ToDoUITests;
			productReference = 26F386AF20969904001DA737 /* ToDoUITests.xctest */;
			productType = "com.apple.product-type.bundle.ui-testing";
		};
/* End PBXNativeTarget section */

/* Begin PBXProject section */
		26F38685209698FE001DA737 /* Project object */ = {
			isa = PBXProject;
			attributes = {
				LastSwiftUpdateCheck = 0930;
				LastUpgradeCheck = 0930;
				ORGANIZATIONNAME = "Cosmic Arrows, LLC";
				TargetAttributes = {
					26F3868C209698FE001DA737 = {
						CreatedOnToolsVersion = 9.3;
					};
					26F386A320969904001DA737 = {
						CreatedOnToolsVersion = 9.3;
						TestTargetID = 26F3868C209698FE001DA737;
					};
					26F386AE20969904001DA737 = {
						CreatedOnToolsVersion = 9.3;
						TestTargetID = 26F3868C209698FE001DA737;
					};
				};
			};
			buildConfigurationList = 26F38688209698FE001DA737 /* Build configuration list for PBXProject "ToDo" */;
			compatibilityVersion = "Xcode 9.3";
			developmentRegion = en;
			hasScannedForEncodings = 0;
			knownRegions = (
				en,
				Base,
			);
			mainGroup = 26F38684209698FD001DA737;
			productRefGroup = 26F3868E209698FE001DA737 /* Products */;
			projectDirPath = "";
			projectRoot = "";
			targets = (
				26F3868C209698FE001DA737 /* ToDo */,
				26F386A320969904001DA737 /* ToDoTests */,
				26F386AE20969904001DA737 /* ToDoUITests */,
			);
		};
/* End PBXProject section */

/* Begin PBXResourcesBuildPhase section */
		26F3868B209698FE001DA737 /* Resources */ = {
			isa = PBXResourcesBuildPhase;
			buildActionMask = 2147483647;
			files = (
				26F3869E20969904001DA737 /* LaunchScreen.storyboard in Resources */,
				26F3869B20969904001DA737 /* Assets.xcassets in Resources */,
				26F38696209698FE001DA737 /* Main.storyboard in Resources */,
			);
			runOnlyForDeploymentPostprocessing = 0;
		};
		26F386A220969904001DA737 /* Resources */ = {
			isa = PBXResourcesBuildPhase;
			buildActionMask = 2147483647;
			files = (
			);
			runOnlyForDeploymentPostprocessing = 0;
		};
		26F386AD20969904001DA737 /* Resources */ = {
			isa = PBXResourcesBuildPhase;
			buildActionMask = 2147483647;
			files = (
			);
			runOnlyForDeploymentPostprocessing = 0;
		};
/* End PBXResourcesBuildPhase section */

/* Begin PBXSourcesBuildPhase section */
		26F38689209698FE001DA737 /* Sources */ = {
			isa = PBXSourcesBuildPhase;
			buildActionMask = 2147483647;
			files = (
				E922CAD020AE11F500B97737 /* ItemListViewController.swift in Sources */,
				E930143720AE4C5600BD12A9 /* ItemListDataProvider.swift in Sources */,
				E95E78E420B34AC300A00077 /* LocationProtocolExtension.swift in Sources */,
				26F38699209698FE001DA737 /* ToDo.xcdatamodeld in Sources */,
				26F386C62096A7B9001DA737 /* Location.swift in Sources */,
				26F386C420969B28001DA737 /* ToDoItem.swift in Sources */,
				E9778CD520ACCCFD002713A6 /* ItemManager.swift in Sources */,
				26F38691209698FE001DA737 /* AppDelegate.swift in Sources */,
				E95E78E620B34B5F00A00077 /* ToDoItemProtocolExtension.swift in Sources */,
			);
			runOnlyForDeploymentPostprocessing = 0;
		};
		26F386A020969904001DA737 /* Sources */ = {
			isa = PBXSourcesBuildPhase;
			buildActionMask = 2147483647;
			files = (
				E9778C6220A92D92002713A6 /* ItemManagerTests.swift in Sources */,
				26F386C82096A9EB001DA737 /* LocationTests.swift in Sources */,
				E922CACE20AE116D00B97737 /* ItemListViewControllerTest.swift in Sources */,
				26F386C2209699D9001DA737 /* ToDoItemTests.swift in Sources */,
			);
			runOnlyForDeploymentPostprocessing = 0;
		};
		26F386AB20969904001DA737 /* Sources */ = {
			isa = PBXSourcesBuildPhase;
			buildActionMask = 2147483647;
			files = (
				26F386B420969904001DA737 /* ToDoUITests.swift in Sources */,
			);
			runOnlyForDeploymentPostprocessing = 0;
		};
/* End PBXSourcesBuildPhase section */

/* Begin PBXTargetDependency section */
		26F386A620969904001DA737 /* PBXTargetDependency */ = {
			isa = PBXTargetDependency;
			target = 26F3868C209698FE001DA737 /* ToDo */;
			targetProxy = 26F386A520969904001DA737 /* PBXContainerItemProxy */;
		};
		26F386B120969904001DA737 /* PBXTargetDependency */ = {
			isa = PBXTargetDependency;
			target = 26F3868C209698FE001DA737 /* ToDo */;
			targetProxy = 26F386B020969904001DA737 /* PBXContainerItemProxy */;
		};
/* End PBXTargetDependency section */

/* Begin PBXVariantGroup section */
		26F38694209698FE001DA737 /* Main.storyboard */ = {
			isa = PBXVariantGroup;
			children = (
				26F38695209698FE001DA737 /* Base */,
			);
			name = Main.storyboard;
			sourceTree = "<group>";
		};
		26F3869C20969904001DA737 /* LaunchScreen.storyboard */ = {
			isa = PBXVariantGroup;
			children = (
				26F3869D20969904001DA737 /* Base */,
			);
			name = LaunchScreen.storyboard;
			sourceTree = "<group>";
		};
/* End PBXVariantGroup section */

/* Begin XCBuildConfiguration section */
		26F386B620969904001DA737 /* Debug */ = {
			isa = XCBuildConfiguration;
			buildSettings = {
				ALWAYS_SEARCH_USER_PATHS = NO;
				CLANG_ANALYZER_NONNULL = YES;
				CLANG_ANALYZER_NUMBER_OBJECT_CONVERSION = YES_AGGRESSIVE;
				CLANG_CXX_LANGUAGE_STANDARD = "gnu++14";
				CLANG_CXX_LIBRARY = "libc++";
				CLANG_ENABLE_MODULES = YES;
				CLANG_ENABLE_OBJC_ARC = YES;
				CLANG_ENABLE_OBJC_WEAK = YES;
				CLANG_WARN_BLOCK_CAPTURE_AUTORELEASING = YES;
				CLANG_WARN_BOOL_CONVERSION = YES;
				CLANG_WARN_COMMA = YES;
				CLANG_WARN_CONSTANT_CONVERSION = YES;
				CLANG_WARN_DEPRECATED_OBJC_IMPLEMENTATIONS = YES;
				CLANG_WARN_DIRECT_OBJC_ISA_USAGE = YES_ERROR;
				CLANG_WARN_DOCUMENTATION_COMMENTS = YES;
				CLANG_WARN_EMPTY_BODY = YES;
				CLANG_WARN_ENUM_CONVERSION = YES;
				CLANG_WARN_INFINITE_RECURSION = YES;
				CLANG_WARN_INT_CONVERSION = YES;
				CLANG_WARN_NON_LITERAL_NULL_CONVERSION = YES;
				CLANG_WARN_OBJC_IMPLICIT_RETAIN_SELF = YES;
				CLANG_WARN_OBJC_LITERAL_CONVERSION = YES;
				CLANG_WARN_OBJC_ROOT_CLASS = YES_ERROR;
				CLANG_WARN_RANGE_LOOP_ANALYSIS = YES;
				CLANG_WARN_STRICT_PROTOTYPES = YES;
				CLANG_WARN_SUSPICIOUS_MOVE = YES;
				CLANG_WARN_UNGUARDED_AVAILABILITY = YES_AGGRESSIVE;
				CLANG_WARN_UNREACHABLE_CODE = YES;
				CLANG_WARN__DUPLICATE_METHOD_MATCH = YES;
				CODE_SIGN_IDENTITY = "iPhone Developer";
				COPY_PHASE_STRIP = NO;
				DEBUG_INFORMATION_FORMAT = dwarf;
				ENABLE_STRICT_OBJC_MSGSEND = YES;
				ENABLE_TESTABILITY = YES;
				GCC_C_LANGUAGE_STANDARD = gnu11;
				GCC_DYNAMIC_NO_PIC = NO;
				GCC_NO_COMMON_BLOCKS = YES;
				GCC_OPTIMIZATION_LEVEL = 0;
				GCC_PREPROCESSOR_DEFINITIONS = (
					"DEBUG=1",
					"$(inherited)",
				);
				GCC_WARN_64_TO_32_BIT_CONVERSION = YES;
				GCC_WARN_ABOUT_RETURN_TYPE = YES_ERROR;
				GCC_WARN_UNDECLARED_SELECTOR = YES;
				GCC_WARN_UNINITIALIZED_AUTOS = YES_AGGRESSIVE;
				GCC_WARN_UNUSED_FUNCTION = YES;
				GCC_WARN_UNUSED_VARIABLE = YES;
				IPHONEOS_DEPLOYMENT_TARGET = 11.3;
				MTL_ENABLE_DEBUG_INFO = YES;
				ONLY_ACTIVE_ARCH = YES;
				SDKROOT = iphoneos;
				SWIFT_ACTIVE_COMPILATION_CONDITIONS = DEBUG;
				SWIFT_OPTIMIZATION_LEVEL = "-Onone";
			};
			name = Debug;
		};
		26F386B720969904001DA737 /* Release */ = {
			isa = XCBuildConfiguration;
			buildSettings = {
				ALWAYS_SEARCH_USER_PATHS = NO;
				CLANG_ANALYZER_NONNULL = YES;
				CLANG_ANALYZER_NUMBER_OBJECT_CONVERSION = YES_AGGRESSIVE;
				CLANG_CXX_LANGUAGE_STANDARD = "gnu++14";
				CLANG_CXX_LIBRARY = "libc++";
				CLANG_ENABLE_MODULES = YES;
				CLANG_ENABLE_OBJC_ARC = YES;
				CLANG_ENABLE_OBJC_WEAK = YES;
				CLANG_WARN_BLOCK_CAPTURE_AUTORELEASING = YES;
				CLANG_WARN_BOOL_CONVERSION = YES;
				CLANG_WARN_COMMA = YES;
				CLANG_WARN_CONSTANT_CONVERSION = YES;
				CLANG_WARN_DEPRECATED_OBJC_IMPLEMENTATIONS = YES;
				CLANG_WARN_DIRECT_OBJC_ISA_USAGE = YES_ERROR;
				CLANG_WARN_DOCUMENTATION_COMMENTS = YES;
				CLANG_WARN_EMPTY_BODY = YES;
				CLANG_WARN_ENUM_CONVERSION = YES;
				CLANG_WARN_INFINITE_RECURSION = YES;
				CLANG_WARN_INT_CONVERSION = YES;
				CLANG_WARN_NON_LITERAL_NULL_CONVERSION = YES;
				CLANG_WARN_OBJC_IMPLICIT_RETAIN_SELF = YES;
				CLANG_WARN_OBJC_LITERAL_CONVERSION = YES;
				CLANG_WARN_OBJC_ROOT_CLASS = YES_ERROR;
				CLANG_WARN_RANGE_LOOP_ANALYSIS = YES;
				CLANG_WARN_STRICT_PROTOTYPES = YES;
				CLANG_WARN_SUSPICIOUS_MOVE = YES;
				CLANG_WARN_UNGUARDED_AVAILABILITY = YES_AGGRESSIVE;
				CLANG_WARN_UNREACHABLE_CODE = YES;
				CLANG_WARN__DUPLICATE_METHOD_MATCH = YES;
				CODE_SIGN_IDENTITY = "iPhone Developer";
				COPY_PHASE_STRIP = NO;
				DEBUG_INFORMATION_FORMAT = "dwarf-with-dsym";
				ENABLE_NS_ASSERTIONS = NO;
				ENABLE_STRICT_OBJC_MSGSEND = YES;
				GCC_C_LANGUAGE_STANDARD = gnu11;
				GCC_NO_COMMON_BLOCKS = YES;
				GCC_WARN_64_TO_32_BIT_CONVERSION = YES;
				GCC_WARN_ABOUT_RETURN_TYPE = YES_ERROR;
				GCC_WARN_UNDECLARED_SELECTOR = YES;
				GCC_WARN_UNINITIALIZED_AUTOS = YES_AGGRESSIVE;
				GCC_WARN_UNUSED_FUNCTION = YES;
				GCC_WARN_UNUSED_VARIABLE = YES;
				IPHONEOS_DEPLOYMENT_TARGET = 11.3;
				MTL_ENABLE_DEBUG_INFO = NO;
				SDKROOT = iphoneos;
				SWIFT_COMPILATION_MODE = wholemodule;
				SWIFT_OPTIMIZATION_LEVEL = "-O";
				VALIDATE_PRODUCT = YES;
			};
			name = Release;
		};
		26F386B920969904001DA737 /* Debug */ = {
			isa = XCBuildConfiguration;
			buildSettings = {
				ASSETCATALOG_COMPILER_APPICON_NAME = AppIcon;
				CODE_SIGN_STYLE = Automatic;
				DEVELOPMENT_TEAM = ZMJGSJ72TL;
				INFOPLIST_FILE = ToDo/Info.plist;
				LD_RUNPATH_SEARCH_PATHS = (
					"$(inherited)",
					"@executable_path/Frameworks",
				);
				PRODUCT_BUNDLE_IDENTIFIER = com.cosmicarrows.ToDo;
				PRODUCT_NAME = "$(TARGET_NAME)";
				SWIFT_VERSION = 4.0;
				TARGETED_DEVICE_FAMILY = "1,2";
			};
			name = Debug;
		};
		26F386BA20969904001DA737 /* Release */ = {
			isa = XCBuildConfiguration;
			buildSettings = {
				ASSETCATALOG_COMPILER_APPICON_NAME = AppIcon;
				CODE_SIGN_STYLE = Automatic;
				DEVELOPMENT_TEAM = ZMJGSJ72TL;
				INFOPLIST_FILE = ToDo/Info.plist;
				LD_RUNPATH_SEARCH_PATHS = (
					"$(inherited)",
					"@executable_path/Frameworks",
				);
				PRODUCT_BUNDLE_IDENTIFIER = com.cosmicarrows.ToDo;
				PRODUCT_NAME = "$(TARGET_NAME)";
				SWIFT_VERSION = 4.0;
				TARGETED_DEVICE_FAMILY = "1,2";
			};
			name = Release;
		};
		26F386BC20969904001DA737 /* Debug */ = {
			isa = XCBuildConfiguration;
			buildSettings = {
				ALWAYS_EMBED_SWIFT_STANDARD_LIBRARIES = YES;
				BUNDLE_LOADER = "$(TEST_HOST)";
				CODE_SIGN_STYLE = Automatic;
				DEVELOPMENT_TEAM = ZMJGSJ72TL;
				INFOPLIST_FILE = ToDoTests/Info.plist;
				LD_RUNPATH_SEARCH_PATHS = (
					"$(inherited)",
					"@executable_path/Frameworks",
					"@loader_path/Frameworks",
				);
				PRODUCT_BUNDLE_IDENTIFIER = com.cosmicarrows.ToDoTests;
				PRODUCT_NAME = "$(TARGET_NAME)";
				SWIFT_VERSION = 4.0;
				TARGETED_DEVICE_FAMILY = "1,2";
				TEST_HOST = "$(BUILT_PRODUCTS_DIR)/ToDo.app/ToDo";
			};
			name = Debug;
		};
		26F386BD20969904001DA737 /* Release */ = {
			isa = XCBuildConfiguration;
			buildSettings = {
				ALWAYS_EMBED_SWIFT_STANDARD_LIBRARIES = YES;
				BUNDLE_LOADER = "$(TEST_HOST)";
				CODE_SIGN_STYLE = Automatic;
				DEVELOPMENT_TEAM = ZMJGSJ72TL;
				INFOPLIST_FILE = ToDoTests/Info.plist;
				LD_RUNPATH_SEARCH_PATHS = (
					"$(inherited)",
					"@executable_path/Frameworks",
					"@loader_path/Frameworks",
				);
				PRODUCT_BUNDLE_IDENTIFIER = com.cosmicarrows.ToDoTests;
				PRODUCT_NAME = "$(TARGET_NAME)";
				SWIFT_VERSION = 4.0;
				TARGETED_DEVICE_FAMILY = "1,2";
				TEST_HOST = "$(BUILT_PRODUCTS_DIR)/ToDo.app/ToDo";
			};
			name = Release;
		};
		26F386BF20969904001DA737 /* Debug */ = {
			isa = XCBuildConfiguration;
			buildSettings = {
				ALWAYS_EMBED_SWIFT_STANDARD_LIBRARIES = YES;
				CODE_SIGN_STYLE = Automatic;
				DEVELOPMENT_TEAM = ZMJGSJ72TL;
				INFOPLIST_FILE = ToDoUITests/Info.plist;
				LD_RUNPATH_SEARCH_PATHS = (
					"$(inherited)",
					"@executable_path/Frameworks",
					"@loader_path/Frameworks",
				);
				PRODUCT_BUNDLE_IDENTIFIER = com.cosmicarrows.ToDoUITests;
				PRODUCT_NAME = "$(TARGET_NAME)";
				SWIFT_VERSION = 4.0;
				TARGETED_DEVICE_FAMILY = "1,2";
				TEST_TARGET_NAME = ToDo;
			};
			name = Debug;
		};
		26F386C020969904001DA737 /* Release */ = {
			isa = XCBuildConfiguration;
			buildSettings = {
				ALWAYS_EMBED_SWIFT_STANDARD_LIBRARIES = YES;
				CODE_SIGN_STYLE = Automatic;
				DEVELOPMENT_TEAM = ZMJGSJ72TL;
				INFOPLIST_FILE = ToDoUITests/Info.plist;
				LD_RUNPATH_SEARCH_PATHS = (
					"$(inherited)",
					"@executable_path/Frameworks",
					"@loader_path/Frameworks",
				);
				PRODUCT_BUNDLE_IDENTIFIER = com.cosmicarrows.ToDoUITests;
				PRODUCT_NAME = "$(TARGET_NAME)";
				SWIFT_VERSION = 4.0;
				TARGETED_DEVICE_FAMILY = "1,2";
				TEST_TARGET_NAME = ToDo;
			};
			name = Release;
		};
/* End XCBuildConfiguration section */

/* Begin XCConfigurationList section */
		26F38688209698FE001DA737 /* Build configuration list for PBXProject "ToDo" */ = {
			isa = XCConfigurationList;
			buildConfigurations = (
				26F386B620969904001DA737 /* Debug */,
				26F386B720969904001DA737 /* Release */,
			);
			defaultConfigurationIsVisible = 0;
			defaultConfigurationName = Release;
		};
		26F386B820969904001DA737 /* Build configuration list for PBXNativeTarget "ToDo" */ = {
			isa = XCConfigurationList;
			buildConfigurations = (
				26F386B920969904001DA737 /* Debug */,
				26F386BA20969904001DA737 /* Release */,
			);
			defaultConfigurationIsVisible = 0;
			defaultConfigurationName = Release;
		};
		26F386BB20969904001DA737 /* Build configuration list for PBXNativeTarget "ToDoTests" */ = {
			isa = XCConfigurationList;
			buildConfigurations = (
				26F386BC20969904001DA737 /* Debug */,
				26F386BD20969904001DA737 /* Release */,
			);
			defaultConfigurationIsVisible = 0;
			defaultConfigurationName = Release;
		};
		26F386BE20969904001DA737 /* Build configuration list for PBXNativeTarget "ToDoUITests" */ = {
			isa = XCConfigurationList;
			buildConfigurations = (
				26F386BF20969904001DA737 /* Debug */,
				26F386C020969904001DA737 /* Release */,
			);
			defaultConfigurationIsVisible = 0;
			defaultConfigurationName = Release;
		};
/* End XCConfigurationList section */

/* Begin XCVersionGroup section */
		26F38697209698FE001DA737 /* ToDo.xcdatamodeld */ = {
			isa = XCVersionGroup;
			children = (
				26F38698209698FE001DA737 /* ToDo.xcdatamodel */,
			);
			currentVersion = 26F38698209698FE001DA737 /* ToDo.xcdatamodel */;
			path = ToDo.xcdatamodeld;
			sourceTree = "<group>";
			versionGroupType = wrapper.xcdatamodel;
		};
/* End XCVersionGroup section */
	};
	rootObject = 26F38685209698FE001DA737 /* Project object */;
}
